// !$*UTF8*$!
{
	archiveVersion = 1;
	classes = {
	};
	objectVersion = 50;
	objects = {

/* Begin PBXBuildFile section */
		2F0C230320AA8CC500C28F40 /* GLGStripeNative.m in Sources */ = {isa = PBXBuildFile; fileRef = 2F0C230220AA8CC500C28F40 /* GLGStripeNative.m */; };
		2F0C230420AA8CC500C28F40 /* GLGStripeNative.h in CopyFiles */ = {isa = PBXBuildFile; fileRef = 2F0C230120AA8CC500C28F40 /* GLGStripeNative.h */; };
		2FEB6D7620AD78580038EFC0 /* GLGStripeCardIconManager.m in Sources */ = {isa = PBXBuildFile; fileRef = 2FEB6D7520AD78580038EFC0 /* GLGStripeCardIconManager.m */; };
/* End PBXBuildFile section */

/* Begin PBXCopyFilesBuildPhase section */
		2F0C22FC20AA8CC500C28F40 /* CopyFiles */ = {
			isa = PBXCopyFilesBuildPhase;
			buildActionMask = 2147483647;
			dstPath = "include/$(PRODUCT_NAME)";
			dstSubfolderSpec = 16;
			files = (
				2F0C230420AA8CC500C28F40 /* GLGStripeNative.h in CopyFiles */,
			);
			runOnlyForDeploymentPostprocessing = 0;
		};
/* End PBXCopyFilesBuildPhase section */

/* Begin PBXFileReference section */
		2F0C22FE20AA8CC500C28F40 /* libGLGStripeNative.a */ = {isa = PBXFileReference; explicitFileType = archive.ar; includeInIndex = 0; path = libGLGStripeNative.a; sourceTree = BUILT_PRODUCTS_DIR; };
		2F0C230120AA8CC500C28F40 /* GLGStripeNative.h */ = {isa = PBXFileReference; lastKnownFileType = sourcecode.c.h; path = GLGStripeNative.h; sourceTree = "<group>"; };
		2F0C230220AA8CC500C28F40 /* GLGStripeNative.m */ = {isa = PBXFileReference; lastKnownFileType = sourcecode.c.objc; path = GLGStripeNative.m; sourceTree = "<group>"; };
		2FEB6D7520AD78580038EFC0 /* GLGStripeCardIconManager.m */ = {isa = PBXFileReference; fileEncoding = 4; lastKnownFileType = sourcecode.c.objc; path = GLGStripeCardIconManager.m; sourceTree = "<group>"; };
/* End PBXFileReference section */

/* Begin PBXFrameworksBuildPhase section */
		2F0C22FB20AA8CC500C28F40 /* Frameworks */ = {
			isa = PBXFrameworksBuildPhase;
			buildActionMask = 2147483647;
			files = (
			);
			runOnlyForDeploymentPostprocessing = 0;
		};
/* End PBXFrameworksBuildPhase section */

/* Begin PBXGroup section */
		2F0C22F520AA8CC500C28F40 = {
			isa = PBXGroup;
			children = (
				2F0C230020AA8CC500C28F40 /* GLGStripeNative */,
				2F0C22FF20AA8CC500C28F40 /* Products */,
			);
			sourceTree = "<group>";
		};
		2F0C22FF20AA8CC500C28F40 /* Products */ = {
			isa = PBXGroup;
			children = (
				2F0C22FE20AA8CC500C28F40 /* libGLGStripeNative.a */,
			);
			name = Products;
			sourceTree = "<group>";
		};
		2F0C230020AA8CC500C28F40 /* GLGStripeNative */ = {
			isa = PBXGroup;
			children = (
				2FEB6D7520AD78580038EFC0 /* GLGStripeCardIconManager.m */,
				2F0C230120AA8CC500C28F40 /* GLGStripeNative.h */,
				2F0C230220AA8CC500C28F40 /* GLGStripeNative.m */,
			);
			path = GLGStripeNative;
			sourceTree = "<group>";
		};
/* End PBXGroup section */

/* Begin PBXNativeTarget section */
		2F0C22FD20AA8CC500C28F40 /* GLGStripeNative */ = {
			isa = PBXNativeTarget;
			buildConfigurationList = 2F0C230720AA8CC500C28F40 /* Build configuration list for PBXNativeTarget "GLGStripeNative" */;
			buildPhases = (
				2F0C22FA20AA8CC500C28F40 /* Sources */,
				2F0C22FB20AA8CC500C28F40 /* Frameworks */,
				2F0C22FC20AA8CC500C28F40 /* CopyFiles */,
			);
			buildRules = (
			);
			dependencies = (
			);
			name = GLGStripeNative;
			productName = GLGStripeNative;
			productReference = 2F0C22FE20AA8CC500C28F40 /* libGLGStripeNative.a */;
			productType = "com.apple.product-type.library.static";
		};
/* End PBXNativeTarget section */

/* Begin PBXProject section */
		2F0C22F620AA8CC500C28F40 /* Project object */ = {
			isa = PBXProject;
			attributes = {
				LastUpgradeCheck = 0930;
				ORGANIZATIONNAME = Glorgo;
				TargetAttributes = {
					2F0C22FD20AA8CC500C28F40 = {
						CreatedOnToolsVersion = 9.3.1;
					};
				};
			};
			buildConfigurationList = 2F0C22F920AA8CC500C28F40 /* Build configuration list for PBXProject "GLGStripeNative" */;
			compatibilityVersion = "Xcode 9.3";
			developmentRegion = en;
			hasScannedForEncodings = 0;
			knownRegions = (
				en,
			);
			mainGroup = 2F0C22F520AA8CC500C28F40;
			productRefGroup = 2F0C22FF20AA8CC500C28F40 /* Products */;
			projectDirPath = "";
			projectRoot = "";
			targets = (
				2F0C22FD20AA8CC500C28F40 /* GLGStripeNative */,
			);
		};
/* End PBXProject section */

/* Begin PBXSourcesBuildPhase section */
		2F0C22FA20AA8CC500C28F40 /* Sources */ = {
			isa = PBXSourcesBuildPhase;
			buildActionMask = 2147483647;
			files = (
				2FEB6D7620AD78580038EFC0 /* GLGStripeCardIconManager.m in Sources */,
				2F0C230320AA8CC500C28F40 /* GLGStripeNative.m in Sources */,
			);
			runOnlyForDeploymentPostprocessing = 0;
		};
/* End PBXSourcesBuildPhase section */

/* Begin XCBuildConfiguration section */
		2F0C230520AA8CC500C28F40 /* Debug */ = {
			isa = XCBuildConfiguration;
			buildSettings = {
				ALWAYS_SEARCH_USER_PATHS = NO;
				CLANG_ANALYZER_NONNULL = YES;
				CLANG_ANALYZER_NUMBER_OBJECT_CONVERSION = YES_AGGRESSIVE;
				CLANG_CXX_LANGUAGE_STANDARD = "gnu++14";
				CLANG_CXX_LIBRARY = "libc++";
				CLANG_ENABLE_MODULES = YES;
				CLANG_ENABLE_OBJC_ARC = YES;
				CLANG_ENABLE_OBJC_WEAK = YES;
				CLANG_WARN_BLOCK_CAPTURE_AUTORELEASING = YES;
				CLANG_WARN_BOOL_CONVERSION = YES;
				CLANG_WARN_COMMA = YES;
				CLANG_WARN_CONSTANT_CONVERSION = YES;
				CLANG_WARN_DEPRECATED_OBJC_IMPLEMENTATIONS = YES;
				CLANG_WARN_DIRECT_OBJC_ISA_USAGE = YES_ERROR;
				CLANG_WARN_DOCUMENTATION_COMMENTS = YES;
				CLANG_WARN_EMPTY_BODY = YES;
				CLANG_WARN_ENUM_CONVERSION = YES;
				CLANG_WARN_INFINITE_RECURSION = YES;
				CLANG_WARN_INT_CONVERSION = YES;
				CLANG_WARN_NON_LITERAL_NULL_CONVERSION = YES;
				CLANG_WARN_OBJC_IMPLICIT_RETAIN_SELF = YES;
				CLANG_WARN_OBJC_LITERAL_CONVERSION = YES;
				CLANG_WARN_OBJC_ROOT_CLASS = YES_ERROR;
				CLANG_WARN_RANGE_LOOP_ANALYSIS = YES;
				CLANG_WARN_STRICT_PROTOTYPES = YES;
				CLANG_WARN_SUSPICIOUS_MOVE = YES;
				CLANG_WARN_UNGUARDED_AVAILABILITY = YES_AGGRESSIVE;
				CLANG_WARN_UNREACHABLE_CODE = YES;
				CLANG_WARN__DUPLICATE_METHOD_MATCH = YES;
				CODE_SIGN_IDENTITY = "iPhone Developer";
				COPY_PHASE_STRIP = NO;
				DEBUG_INFORMATION_FORMAT = dwarf;
				ENABLE_STRICT_OBJC_MSGSEND = YES;
				ENABLE_TESTABILITY = YES;
				GCC_C_LANGUAGE_STANDARD = gnu11;
				GCC_DYNAMIC_NO_PIC = NO;
				GCC_NO_COMMON_BLOCKS = YES;
				GCC_OPTIMIZATION_LEVEL = 0;
				GCC_PREPROCESSOR_DEFINITIONS = (
					"DEBUG=1",
					"$(inherited)",
				);
				GCC_WARN_64_TO_32_BIT_CONVERSION = YES;
				GCC_WARN_ABOUT_RETURN_TYPE = YES_ERROR;
				GCC_WARN_UNDECLARED_SELECTOR = YES;
				GCC_WARN_UNINITIALIZED_AUTOS = YES_AGGRESSIVE;
				GCC_WARN_UNUSED_FUNCTION = YES;
				GCC_WARN_UNUSED_VARIABLE = YES;
				IPHONEOS_DEPLOYMENT_TARGET = 8.0;
				MTL_ENABLE_DEBUG_INFO = YES;
				ONLY_ACTIVE_ARCH = YES;
				SDKROOT = iphoneos;
			};
			name = Debug;
		};
		2F0C230620AA8CC500C28F40 /* Release */ = {
			isa = XCBuildConfiguration;
			buildSettings = {
				ALWAYS_SEARCH_USER_PATHS = NO;
				CLANG_ANALYZER_NONNULL = YES;
				CLANG_ANALYZER_NUMBER_OBJECT_CONVERSION = YES_AGGRESSIVE;
				CLANG_CXX_LANGUAGE_STANDARD = "gnu++14";
				CLANG_CXX_LIBRARY = "libc++";
				CLANG_ENABLE_MODULES = YES;
				CLANG_ENABLE_OBJC_ARC = YES;
				CLANG_ENABLE_OBJC_WEAK = YES;
				CLANG_WARN_BLOCK_CAPTURE_AUTORELEASING = YES;
				CLANG_WARN_BOOL_CONVERSION = YES;
				CLANG_WARN_COMMA = YES;
				CLANG_WARN_CONSTANT_CONVERSION = YES;
				CLANG_WARN_DEPRECATED_OBJC_IMPLEMENTATIONS = YES;
				CLANG_WARN_DIRECT_OBJC_ISA_USAGE = YES_ERROR;
				CLANG_WARN_DOCUMENTATION_COMMENTS = YES;
				CLANG_WARN_EMPTY_BODY = YES;
				CLANG_WARN_ENUM_CONVERSION = YES;
				CLANG_WARN_INFINITE_RECURSION = YES;
				CLANG_WARN_INT_CONVERSION = YES;
				CLANG_WARN_NON_LITERAL_NULL_CONVERSION = YES;
				CLANG_WARN_OBJC_IMPLICIT_RETAIN_SELF = YES;
				CLANG_WARN_OBJC_LITERAL_CONVERSION = YES;
				CLANG_WARN_OBJC_ROOT_CLASS = YES_ERROR;
				CLANG_WARN_RANGE_LOOP_ANALYSIS = YES;
				CLANG_WARN_STRICT_PROTOTYPES = YES;
				CLANG_WARN_SUSPICIOUS_MOVE = YES;
				CLANG_WARN_UNGUARDED_AVAILABILITY = YES_AGGRESSIVE;
				CLANG_WARN_UNREACHABLE_CODE = YES;
				CLANG_WARN__DUPLICATE_METHOD_MATCH = YES;
				CODE_SIGN_IDENTITY = "iPhone Developer";
				COPY_PHASE_STRIP = NO;
				DEBUG_INFORMATION_FORMAT = "dwarf-with-dsym";
				ENABLE_NS_ASSERTIONS = NO;
				ENABLE_STRICT_OBJC_MSGSEND = YES;
				GCC_C_LANGUAGE_STANDARD = gnu11;
				GCC_NO_COMMON_BLOCKS = YES;
				GCC_WARN_64_TO_32_BIT_CONVERSION = YES;
				GCC_WARN_ABOUT_RETURN_TYPE = YES_ERROR;
				GCC_WARN_UNDECLARED_SELECTOR = YES;
				GCC_WARN_UNINITIALIZED_AUTOS = YES_AGGRESSIVE;
				GCC_WARN_UNUSED_FUNCTION = YES;
				GCC_WARN_UNUSED_VARIABLE = YES;
				IPHONEOS_DEPLOYMENT_TARGET = 8.0;
				MTL_ENABLE_DEBUG_INFO = NO;
				SDKROOT = iphoneos;
				VALIDATE_PRODUCT = YES;
			};
			name = Release;
		};
		2F0C230820AA8CC500C28F40 /* Debug */ = {
			isa = XCBuildConfiguration;
			buildSettings = {
				CODE_SIGN_STYLE = Automatic;
				HEADER_SEARCH_PATHS = (
					"$(inherited)",
					"${SRCROOT}/../../../../ios/Pods/Headers/Public",
				);
				OTHER_LDFLAGS = "-ObjC";
				PRODUCT_NAME = "$(TARGET_NAME)";
				SKIP_INSTALL = YES;
				TARGETED_DEVICE_FAMILY = "1,2";
			};
			name = Debug;
		};
		2F0C230920AA8CC500C28F40 /* Release */ = {
			isa = XCBuildConfiguration;
			buildSettings = {
				CODE_SIGN_STYLE = Automatic;
				HEADER_SEARCH_PATHS = (
					"$(inherited)",
					"${SRCROOT}/../../../../ios/Pods/Headers/Public",
				);
				OTHER_LDFLAGS = "-ObjC";
				PRODUCT_NAME = "$(TARGET_NAME)";
				SKIP_INSTALL = YES;
				TARGETED_DEVICE_FAMILY = "1,2";
			};
			name = Release;
		};
/* End XCBuildConfiguration section */

/* Begin XCConfigurationList section */
		2F0C22F920AA8CC500C28F40 /* Build configuration list for PBXProject "GLGStripeNative" */ = {
			isa = XCConfigurationList;
			buildConfigurations = (
				2F0C230520AA8CC500C28F40 /* Debug */,
				2F0C230620AA8CC500C28F40 /* Release */,
			);
			defaultConfigurationIsVisible = 0;
			defaultConfigurationName = Release;
		};
		2F0C230720AA8CC500C28F40 /* Build configuration list for PBXNativeTarget "GLGStripeNative" */ = {
			isa = XCConfigurationList;
			buildConfigurations = (
				2F0C230820AA8CC500C28F40 /* Debug */,
				2F0C230920AA8CC500C28F40 /* Release */,
			);
			defaultConfigurationIsVisible = 0;
			defaultConfigurationName = Release;
		};
/* End XCConfigurationList section */
	};
	rootObject = 2F0C22F620AA8CC500C28F40 /* Project object */;
}
